// !$*UTF8*$!
{
	archiveVersion = 1;
	classes = {
	};
	objectVersion = 46;
	objects = {

/* Begin PBXBuildFile section */
		63510AA8181AC7CB00885C32 /* Foundation.framework in Frameworks */ = {isa = PBXBuildFile; fileRef = 63510AA7181AC7CB00885C32 /* Foundation.framework */; };
		63510AAA181AC7CB00885C32 /* CoreGraphics.framework in Frameworks */ = {isa = PBXBuildFile; fileRef = 63510AA9181AC7CB00885C32 /* CoreGraphics.framework */; };
		63510AAC181AC7CB00885C32 /* UIKit.framework in Frameworks */ = {isa = PBXBuildFile; fileRef = 63510AAB181AC7CB00885C32 /* UIKit.framework */; };
		63510AB2181AC7CB00885C32 /* InfoPlist.strings in Resources */ = {isa = PBXBuildFile; fileRef = 63510AB0181AC7CB00885C32 /* InfoPlist.strings */; };
		63510AB4181AC7CB00885C32 /* main.m in Sources */ = {isa = PBXBuildFile; fileRef = 63510AB3181AC7CB00885C32 /* main.m */; };
		63510AB8181AC7CB00885C32 /* WhereamiAppDelegate.m in Sources */ = {isa = PBXBuildFile; fileRef = 63510AB7181AC7CB00885C32 /* WhereamiAppDelegate.m */; };
		63510ABB181AC7CB00885C32 /* Main.storyboard in Resources */ = {isa = PBXBuildFile; fileRef = 63510AB9181AC7CB00885C32 /* Main.storyboard */; };
		63510ABE181AC7CB00885C32 /* WhereamiViewController.m in Sources */ = {isa = PBXBuildFile; fileRef = 63510ABD181AC7CB00885C32 /* WhereamiViewController.m */; };
		63510AC0181AC7CB00885C32 /* Images.xcassets in Resources */ = {isa = PBXBuildFile; fileRef = 63510ABF181AC7CB00885C32 /* Images.xcassets */; };
		63510AC7181AC7CC00885C32 /* XCTest.framework in Frameworks */ = {isa = PBXBuildFile; fileRef = 63510AC6181AC7CC00885C32 /* XCTest.framework */; };
		63510AC8181AC7CC00885C32 /* Foundation.framework in Frameworks */ = {isa = PBXBuildFile; fileRef = 63510AA7181AC7CB00885C32 /* Foundation.framework */; };
		63510AC9181AC7CC00885C32 /* UIKit.framework in Frameworks */ = {isa = PBXBuildFile; fileRef = 63510AAB181AC7CB00885C32 /* UIKit.framework */; };
		63510AD1181AC7CC00885C32 /* InfoPlist.strings in Resources */ = {isa = PBXBuildFile; fileRef = 63510ACF181AC7CC00885C32 /* InfoPlist.strings */; };
		63510AD3181AC7CC00885C32 /* WhereamiTests.m in Sources */ = {isa = PBXBuildFile; fileRef = 63510AD2181AC7CC00885C32 /* WhereamiTests.m */; };
		63510ADD181AD08100885C32 /* CoreLocation.framework in Frameworks */ = {isa = PBXBuildFile; fileRef = 63510ADC181AD08100885C32 /* CoreLocation.framework */; };
/* End PBXBuildFile section */

/* Begin PBXContainerItemProxy section */
		63510ACA181AC7CC00885C32 /* PBXContainerItemProxy */ = {
			isa = PBXContainerItemProxy;
			containerPortal = 63510A9C181AC7CB00885C32 /* Project object */;
			proxyType = 1;
			remoteGlobalIDString = 63510AA3181AC7CB00885C32;
			remoteInfo = Whereami;
		};
/* End PBXContainerItemProxy section */

/* Begin PBXFileReference section */
		63437636181EAD140093FC9A /* CFNetwork.framework */ = {isa = PBXFileReference; lastKnownFileType = wrapper.framework; name = CFNetwork.framework; path = System/Library/Frameworks/CFNetwork.framework; sourceTree = SDKROOT; };
		63510AA4181AC7CB00885C32 /* Whereami.app */ = {isa = PBXFileReference; explicitFileType = wrapper.application; includeInIndex = 0; path = Whereami.app; sourceTree = BUILT_PRODUCTS_DIR; };
		63510AA7181AC7CB00885C32 /* Foundation.framework */ = {isa = PBXFileReference; lastKnownFileType = wrapper.framework; name = Foundation.framework; path = System/Library/Frameworks/Foundation.framework; sourceTree = SDKROOT; };
		63510AA9181AC7CB00885C32 /* CoreGraphics.framework */ = {isa = PBXFileReference; lastKnownFileType = wrapper.framework; name = CoreGraphics.framework; path = System/Library/Frameworks/CoreGraphics.framework; sourceTree = SDKROOT; };
		63510AAB181AC7CB00885C32 /* UIKit.framework */ = {isa = PBXFileReference; lastKnownFileType = wrapper.framework; name = UIKit.framework; path = System/Library/Frameworks/UIKit.framework; sourceTree = SDKROOT; };
		63510AAF181AC7CB00885C32 /* Whereami-Info.plist */ = {isa = PBXFileReference; lastKnownFileType = text.plist.xml; path = "Whereami-Info.plist"; sourceTree = "<group>"; };
		63510AB1181AC7CB00885C32 /* en */ = {isa = PBXFileReference; lastKnownFileType = text.plist.strings; name = en; path = en.lproj/InfoPlist.strings; sourceTree = "<group>"; };
		63510AB3181AC7CB00885C32 /* main.m */ = {isa = PBXFileReference; lastKnownFileType = sourcecode.c.objc; path = main.m; sourceTree = "<group>"; };
		63510AB5181AC7CB00885C32 /* Whereami-Prefix.pch */ = {isa = PBXFileReference; lastKnownFileType = sourcecode.c.h; path = "Whereami-Prefix.pch"; sourceTree = "<group>"; };
		63510AB6181AC7CB00885C32 /* WhereamiAppDelegate.h */ = {isa = PBXFileReference; lastKnownFileType = sourcecode.c.h; path = WhereamiAppDelegate.h; sourceTree = "<group>"; };
		63510AB7181AC7CB00885C32 /* WhereamiAppDelegate.m */ = {isa = PBXFileReference; lastKnownFileType = sourcecode.c.objc; path = WhereamiAppDelegate.m; sourceTree = "<group>"; };
		63510ABA181AC7CB00885C32 /* Base */ = {isa = PBXFileReference; lastKnownFileType = file.storyboard; name = Base; path = Base.lproj/Main.storyboard; sourceTree = "<group>"; };
		63510ABC181AC7CB00885C32 /* WhereamiViewController.h */ = {isa = PBXFileReference; lastKnownFileType = sourcecode.c.h; path = WhereamiViewController.h; sourceTree = "<group>"; };
		63510ABD181AC7CB00885C32 /* WhereamiViewController.m */ = {isa = PBXFileReference; lastKnownFileType = sourcecode.c.objc; path = WhereamiViewController.m; sourceTree = "<group>"; };
		63510ABF181AC7CB00885C32 /* Images.xcassets */ = {isa = PBXFileReference; lastKnownFileType = folder.assetcatalog; path = Images.xcassets; sourceTree = "<group>"; };
		63510AC5181AC7CC00885C32 /* WhereamiTests.xctest */ = {isa = PBXFileReference; explicitFileType = wrapper.cfbundle; includeInIndex = 0; path = WhereamiTests.xctest; sourceTree = BUILT_PRODUCTS_DIR; };
		63510AC6181AC7CC00885C32 /* XCTest.framework */ = {isa = PBXFileReference; lastKnownFileType = wrapper.framework; name = XCTest.framework; path = Library/Frameworks/XCTest.framework; sourceTree = DEVELOPER_DIR; };
		63510ACE181AC7CC00885C32 /* WhereamiTests-Info.plist */ = {isa = PBXFileReference; lastKnownFileType = text.plist.xml; path = "WhereamiTests-Info.plist"; sourceTree = "<group>"; };
		63510AD0181AC7CC00885C32 /* en */ = {isa = PBXFileReference; lastKnownFileType = text.plist.strings; name = en; path = en.lproj/InfoPlist.strings; sourceTree = "<group>"; };
		63510AD2181AC7CC00885C32 /* WhereamiTests.m */ = {isa = PBXFileReference; lastKnownFileType = sourcecode.c.objc; path = WhereamiTests.m; sourceTree = "<group>"; };
		63510ADC181AD08100885C32 /* CoreLocation.framework */ = {isa = PBXFileReference; lastKnownFileType = wrapper.framework; name = CoreLocation.framework; path = System/Library/Frameworks/CoreLocation.framework; sourceTree = SDKROOT; };
/* End PBXFileReference section */

/* Begin PBXFrameworksBuildPhase section */
		63510AA1181AC7CB00885C32 /* Frameworks */ = {
			isa = PBXFrameworksBuildPhase;
			buildActionMask = 2147483647;
			files = (
				63510ADD181AD08100885C32 /* CoreLocation.framework in Frameworks */,
				63510AAA181AC7CB00885C32 /* CoreGraphics.framework in Frameworks */,
				63510AAC181AC7CB00885C32 /* UIKit.framework in Frameworks */,
				63510AA8181AC7CB00885C32 /* Foundation.framework in Frameworks */,
			);
			runOnlyForDeploymentPostprocessing = 0;
		};
		63510AC2181AC7CC00885C32 /* Frameworks */ = {
			isa = PBXFrameworksBuildPhase;
			buildActionMask = 2147483647;
			files = (
				63510AC7181AC7CC00885C32 /* XCTest.framework in Frameworks */,
				63510AC9181AC7CC00885C32 /* UIKit.framework in Frameworks */,
				63510AC8181AC7CC00885C32 /* Foundation.framework in Frameworks */,
			);
			runOnlyForDeploymentPostprocessing = 0;
		};
/* End PBXFrameworksBuildPhase section */

/* Begin PBXGroup section */
		63510A9B181AC7CB00885C32 = {
			isa = PBXGroup;
			children = (
				63510AAD181AC7CB00885C32 /* Whereami */,
				63510ACC181AC7CC00885C32 /* WhereamiTests */,
				63510AA6181AC7CB00885C32 /* Frameworks */,
				63510AA5181AC7CB00885C32 /* Products */,
			);
			sourceTree = "<group>";
		};
		63510AA5181AC7CB00885C32 /* Products */ = {
			isa = PBXGroup;
			children = (
				63510AA4181AC7CB00885C32 /* Whereami.app */,
				63510AC5181AC7CC00885C32 /* WhereamiTests.xctest */,
			);
			name = Products;
			sourceTree = "<group>";
		};
		63510AA6181AC7CB00885C32 /* Frameworks */ = {
			isa = PBXGroup;
			children = (
				63437636181EAD140093FC9A /* CFNetwork.framework */,
				63510ADC181AD08100885C32 /* CoreLocation.framework */,
				63510AA7181AC7CB00885C32 /* Foundation.framework */,
				63510AA9181AC7CB00885C32 /* CoreGraphics.framework */,
				63510AAB181AC7CB00885C32 /* UIKit.framework */,
				63510AC6181AC7CC00885C32 /* XCTest.framework */,
			);
			name = Frameworks;
			sourceTree = "<group>";
		};
		63510AAD181AC7CB00885C32 /* Whereami */ = {
			isa = PBXGroup;
			children = (
				63510AB9181AC7CB00885C32 /* Main.storyboard */,
				63510ABC181AC7CB00885C32 /* WhereamiViewController.h */,
				63510ABD181AC7CB00885C32 /* WhereamiViewController.m */,
				63510ABF181AC7CB00885C32 /* Images.xcassets */,
				63510AAE181AC7CB00885C32 /* Supporting Files */,
			);
			path = Whereami;
			sourceTree = "<group>";
		};
		63510AAE181AC7CB00885C32 /* Supporting Files */ = {
			isa = PBXGroup;
			children = (
				63510AB6181AC7CB00885C32 /* WhereamiAppDelegate.h */,
				63510AB7181AC7CB00885C32 /* WhereamiAppDelegate.m */,
				63510AAF181AC7CB00885C32 /* Whereami-Info.plist */,
				63510AB0181AC7CB00885C32 /* InfoPlist.strings */,
				63510AB3181AC7CB00885C32 /* main.m */,
				63510AB5181AC7CB00885C32 /* Whereami-Prefix.pch */,
			);
			name = "Supporting Files";
			sourceTree = "<group>";
		};
		63510ACC181AC7CC00885C32 /* WhereamiTests */ = {
			isa = PBXGroup;
			children = (
				63510AD2181AC7CC00885C32 /* WhereamiTests.m */,
				63510ACD181AC7CC00885C32 /* Supporting Files */,
			);
			path = WhereamiTests;
			sourceTree = "<group>";
		};
		63510ACD181AC7CC00885C32 /* Supporting Files */ = {
			isa = PBXGroup;
			children = (
				63510ACE181AC7CC00885C32 /* WhereamiTests-Info.plist */,
				63510ACF181AC7CC00885C32 /* InfoPlist.strings */,
			);
			name = "Supporting Files";
			sourceTree = "<group>";
		};
/* End PBXGroup section */

/* Begin PBXNativeTarget section */
		63510AA3181AC7CB00885C32 /* Whereami */ = {
			isa = PBXNativeTarget;
			buildConfigurationList = 63510AD6181AC7CC00885C32 /* Build configuration list for PBXNativeTarget "Whereami" */;
			buildPhases = (
				63510AA0181AC7CB00885C32 /* Sources */,
				63510AA1181AC7CB00885C32 /* Frameworks */,
				63510AA2181AC7CB00885C32 /* Resources */,
			);
			buildRules = (
			);
			dependencies = (
			);
			name = Whereami;
			productName = Whereami;
			productReference = 63510AA4181AC7CB00885C32 /* Whereami.app */;
			productType = "com.apple.product-type.application";
		};
		63510AC4181AC7CC00885C32 /* WhereamiTests */ = {
			isa = PBXNativeTarget;
			buildConfigurationList = 63510AD9181AC7CC00885C32 /* Build configuration list for PBXNativeTarget "WhereamiTests" */;
			buildPhases = (
				63510AC1181AC7CC00885C32 /* Sources */,
				63510AC2181AC7CC00885C32 /* Frameworks */,
				63510AC3181AC7CC00885C32 /* Resources */,
			);
			buildRules = (
			);
			dependencies = (
				63510ACB181AC7CC00885C32 /* PBXTargetDependency */,
			);
			name = WhereamiTests;
			productName = WhereamiTests;
			productReference = 63510AC5181AC7CC00885C32 /* WhereamiTests.xctest */;
			productType = "com.apple.product-type.bundle.unit-test";
		};
/* End PBXNativeTarget section */

/* Begin PBXProject section */
		63510A9C181AC7CB00885C32 /* Project object */ = {
			isa = PBXProject;
			attributes = {
				CLASSPREFIX = Whereami;
				LastUpgradeCheck = 0500;
				ORGANIZATIONNAME = "Grey Matter";
				TargetAttributes = {
					63510AC4181AC7CC00885C32 = {
						TestTargetID = 63510AA3181AC7CB00885C32;
					};
				};
			};
			buildConfigurationList = 63510A9F181AC7CB00885C32 /* Build configuration list for PBXProject "Whereami" */;
			compatibilityVersion = "Xcode 3.2";
			developmentRegion = English;
			hasScannedForEncodings = 0;
			knownRegions = (
				en,
				Base,
			);
			mainGroup = 63510A9B181AC7CB00885C32;
			productRefGroup = 63510AA5181AC7CB00885C32 /* Products */;
			projectDirPath = "";
			projectRoot = "";
			targets = (
				63510AA3181AC7CB00885C32 /* Whereami */,
				63510AC4181AC7CC00885C32 /* WhereamiTests */,
			);
		};
/* End PBXProject section */

/* Begin PBXResourcesBuildPhase section */
		63510AA2181AC7CB00885C32 /* Resources */ = {
			isa = PBXResourcesBuildPhase;
			buildActionMask = 2147483647;
			files = (
				63510AC0181AC7CB00885C32 /* Images.xcassets in Resources */,
				63510AB2181AC7CB00885C32 /* InfoPlist.strings in Resources */,
				63510ABB181AC7CB00885C32 /* Main.storyboard in Resources */,
			);
			runOnlyForDeploymentPostprocessing = 0;
		};
		63510AC3181AC7CC00885C32 /* Resources */ = {
			isa = PBXResourcesBuildPhase;
			buildActionMask = 2147483647;
			files = (
				63510AD1181AC7CC00885C32 /* InfoPlist.strings in Resources */,
			);
			runOnlyForDeploymentPostprocessing = 0;
		};
/* End PBXResourcesBuildPhase section */

/* Begin PBXSourcesBuildPhase section */
		63510AA0181AC7CB00885C32 /* Sources */ = {
			isa = PBXSourcesBuildPhase;
			buildActionMask = 2147483647;
			files = (
				63510AB8181AC7CB00885C32 /* WhereamiAppDelegate.m in Sources */,
				63510AB4181AC7CB00885C32 /* main.m in Sources */,
				63510ABE181AC7CB00885C32 /* WhereamiViewController.m in Sources */,
			);
			runOnlyForDeploymentPostprocessing = 0;
		};
		63510AC1181AC7CC00885C32 /* Sources */ = {
			isa = PBXSourcesBuildPhase;
			buildActionMask = 2147483647;
			files = (
				63510AD3181AC7CC00885C32 /* WhereamiTests.m in Sources */,
			);
			runOnlyForDeploymentPostprocessing = 0;
		};
/* End PBXSourcesBuildPhase section */

/* Begin PBXTargetDependency section */
		63510ACB181AC7CC00885C32 /* PBXTargetDependency */ = {
			isa = PBXTargetDependency;
			target = 63510AA3181AC7CB00885C32 /* Whereami */;
			targetProxy = 63510ACA181AC7CC00885C32 /* PBXContainerItemProxy */;
		};
/* End PBXTargetDependency section */

/* Begin PBXVariantGroup section */
		63510AB0181AC7CB00885C32 /* InfoPlist.strings */ = {
			isa = PBXVariantGroup;
			children = (
				63510AB1181AC7CB00885C32 /* en */,
			);
			name = InfoPlist.strings;
			sourceTree = "<group>";
		};
		63510AB9181AC7CB00885C32 /* Main.storyboard */ = {
			isa = PBXVariantGroup;
			children = (
				63510ABA181AC7CB00885C32 /* Base */,
			);
			name = Main.storyboard;
			sourceTree = "<group>";
		};
		63510ACF181AC7CC00885C32 /* InfoPlist.strings */ = {
			isa = PBXVariantGroup;
			children = (
				63510AD0181AC7CC00885C32 /* en */,
			);
			name = InfoPlist.strings;
			sourceTree = "<group>";
		};
/* End PBXVariantGroup section */

/* Begin XCBuildConfiguration section */
		63510AD4181AC7CC00885C32 /* Debug */ = {
			isa = XCBuildConfiguration;
			buildSettings = {
				ALWAYS_SEARCH_USER_PATHS = NO;
				ARCHS = "$(ARCHS_STANDARD_INCLUDING_64_BIT)";
				CLANG_CXX_LANGUAGE_STANDARD = "gnu++0x";
				CLANG_CXX_LIBRARY = "libc++";
				CLANG_ENABLE_MODULES = YES;
				CLANG_ENABLE_OBJC_ARC = YES;
				CLANG_WARN_BOOL_CONVERSION = YES;
				CLANG_WARN_CONSTANT_CONVERSION = YES;
				CLANG_WARN_DIRECT_OBJC_ISA_USAGE = YES_ERROR;
				CLANG_WARN_EMPTY_BODY = YES;
				CLANG_WARN_ENUM_CONVERSION = YES;
				CLANG_WARN_INT_CONVERSION = YES;
				CLANG_WARN_OBJC_ROOT_CLASS = YES_ERROR;
				CLANG_WARN__DUPLICATE_METHOD_MATCH = YES;
				"CODE_SIGN_IDENTITY[sdk=iphoneos*]" = "iPhone Developer";
				COPY_PHASE_STRIP = NO;
				GCC_C_LANGUAGE_STANDARD = gnu99;
				GCC_DYNAMIC_NO_PIC = NO;
				GCC_OPTIMIZATION_LEVEL = 0;
				GCC_PREPROCESSOR_DEFINITIONS = (
					"DEBUG=1",
					"$(inherited)",
				);
				GCC_SYMBOLS_PRIVATE_EXTERN = NO;
				GCC_WARN_64_TO_32_BIT_CONVERSION = YES;
				GCC_WARN_ABOUT_RETURN_TYPE = YES_ERROR;
				GCC_WARN_UNDECLARED_SELECTOR = YES;
				GCC_WARN_UNINITIALIZED_AUTOS = YES;
				GCC_WARN_UNUSED_FUNCTION = YES;
				GCC_WARN_UNUSED_VARIABLE = YES;
				IPHONEOS_DEPLOYMENT_TARGET = 7.0;
				ONLY_ACTIVE_ARCH = YES;
				SDKROOT = iphoneos;
			};
			name = Debug;
		};
		63510AD5181AC7CC00885C32 /* Release */ = {
			isa = XCBuildConfiguration;
			buildSettings = {
				ALWAYS_SEARCH_USER_PATHS = NO;
				ARCHS = "$(ARCHS_STANDARD_INCLUDING_64_BIT)";
				CLANG_CXX_LANGUAGE_STANDARD = "gnu++0x";
				CLANG_CXX_LIBRARY = "libc++";
				CLANG_ENABLE_MODULES = YES;
				CLANG_ENABLE_OBJC_ARC = YES;
				CLANG_WARN_BOOL_CONVERSION = YES;
				CLANG_WARN_CONSTANT_CONVERSION = YES;
				CLANG_WARN_DIRECT_OBJC_ISA_USAGE = YES_ERROR;
				CLANG_WARN_EMPTY_BODY = YES;
				CLANG_WARN_ENUM_CONVERSION = YES;
				CLANG_WARN_INT_CONVERSION = YES;
				CLANG_WARN_OBJC_ROOT_CLASS = YES_ERROR;
				CLANG_WARN__DUPLICATE_METHOD_MATCH = YES;
				"CODE_SIGN_IDENTITY[sdk=iphoneos*]" = "iPhone Developer";
				COPY_PHASE_STRIP = YES;
				ENABLE_NS_ASSERTIONS = NO;
				GCC_C_LANGUAGE_STANDARD = gnu99;
				GCC_WARN_64_TO_32_BIT_CONVERSION = YES;
				GCC_WARN_ABOUT_RETURN_TYPE = YES_ERROR;
				GCC_WARN_UNDECLARED_SELECTOR = YES;
				GCC_WARN_UNINITIALIZED_AUTOS = YES;
				GCC_WARN_UNUSED_FUNCTION = YES;
				GCC_WARN_UNUSED_VARIABLE = YES;
				IPHONEOS_DEPLOYMENT_TARGET = 7.0;
				SDKROOT = iphoneos;
				VALIDATE_PRODUCT = YES;
			};
			name = Release;
		};
		63510AD7181AC7CC00885C32 /* Debug */ = {
			isa = XCBuildConfiguration;
			buildSettings = {
				ASSETCATALOG_COMPILER_APPICON_NAME = AppIcon;
				ASSETCATALOG_COMPILER_LAUNCHIMAGE_NAME = LaunchImage;
				GCC_PRECOMPILE_PREFIX_HEADER = YES;
				GCC_PREFIX_HEADER = "Whereami/Whereami-Prefix.pch";
				INFOPLIST_FILE = "Whereami/Whereami-Info.plist";
				PRODUCT_NAME = "$(TARGET_NAME)";
				WRAPPER_EXTENSION = app;
			};
			name = Debug;
		};
		63510AD8181AC7CC00885C32 /* Release */ = {
			isa = XCBuildConfiguration;
			buildSettings = {
				ASSETCATALOG_COMPILER_APPICON_NAME = AppIcon;
				ASSETCATALOG_COMPILER_LAUNCHIMAGE_NAME = LaunchImage;
				GCC_PRECOMPILE_PREFIX_HEADER = YES;
				GCC_PREFIX_HEADER = "Whereami/Whereami-Prefix.pch";
				INFOPLIST_FILE = "Whereami/Whereami-Info.plist";
				PRODUCT_NAME = "$(TARGET_NAME)";
				WRAPPER_EXTENSION = app;
			};
			name = Release;
		};
		63510ADA181AC7CC00885C32 /* Debug */ = {
			isa = XCBuildConfiguration;
			buildSettings = {
				ARCHS = "$(ARCHS_STANDARD_INCLUDING_64_BIT)";
				BUNDLE_LOADER = "$(BUILT_PRODUCTS_DIR)/Whereami.app/Whereami";
				FRAMEWORK_SEARCH_PATHS = (
					"$(SDKROOT)/Developer/Library/Frameworks",
					"$(inherited)",
					"$(DEVELOPER_FRAMEWORKS_DIR)",
				);
				GCC_PRECOMPILE_PREFIX_HEADER = YES;
				GCC_PREFIX_HEADER = "Whereami/Whereami-Prefix.pch";
				GCC_PREPROCESSOR_DEFINITIONS = (
					"DEBUG=1",
					"$(inherited)",
				);
				INFOPLIST_FILE = "WhereamiTests/WhereamiTests-Info.plist";
				PRODUCT_NAME = "$(TARGET_NAME)";
				TEST_HOST = "$(BUNDLE_LOADER)";
				WRAPPER_EXTENSION = xctest;
			};
			name = Debug;
		};
		63510ADB181AC7CC00885C32 /* Release */ = {
			isa = XCBuildConfiguration;
			buildSettings = {
				ARCHS = "$(ARCHS_STANDARD_INCLUDING_64_BIT)";
				BUNDLE_LOADER = "$(BUILT_PRODUCTS_DIR)/Whereami.app/Whereami";
				FRAMEWORK_SEARCH_PATHS = (
					"$(SDKROOT)/Developer/Library/Frameworks",
					"$(inherited)",
					"$(DEVELOPER_FRAMEWORKS_DIR)",
				);
				GCC_PRECOMPILE_PREFIX_HEADER = YES;
				GCC_PREFIX_HEADER = "Whereami/Whereami-Prefix.pch";
				INFOPLIST_FILE = "WhereamiTests/WhereamiTests-Info.plist";
				PRODUCT_NAME = "$(TARGET_NAME)";
				TEST_HOST = "$(BUNDLE_LOADER)";
				WRAPPER_EXTENSION = xctest;
			};
			name = Release;
		};
/* End XCBuildConfiguration section */

/* Begin XCConfigurationList section */
		63510A9F181AC7CB00885C32 /* Build configuration list for PBXProject "Whereami" */ = {
			isa = XCConfigurationList;
			buildConfigurations = (
				63510AD4181AC7CC00885C32 /* Debug */,
				63510AD5181AC7CC00885C32 /* Release */,
			);
			defaultConfigurationIsVisible = 0;
			defaultConfigurationName = Release;
		};
		63510AD6181AC7CC00885C32 /* Build configuration list for PBXNativeTarget "Whereami" */ = {
			isa = XCConfigurationList;
			buildConfigurations = (
				63510AD7181AC7CC00885C32 /* Debug */,
				63510AD8181AC7CC00885C32 /* Release */,
			);
			defaultConfigurationIsVisible = 0;
			defaultConfigurationName = Release;
		};
		63510AD9181AC7CC00885C32 /* Build configuration list for PBXNativeTarget "WhereamiTests" */ = {
			isa = XCConfigurationList;
			buildConfigurations = (
				63510ADA181AC7CC00885C32 /* Debug */,
				63510ADB181AC7CC00885C32 /* Release */,
			);
			defaultConfigurationIsVisible = 0;
			defaultConfigurationName = Release;
		};
/* End XCConfigurationList section */
	};
	rootObject = 63510A9C181AC7CB00885C32 /* Project object */;
}
